
Microsoft Visual Studio Solution File, Format Version 12.00
# Visual Studio Version 16
VisualStudioVersion = 16.0.30114.105
MinimumVisualStudioVersion = 10.0.40219.1
Project("{9A19103F-16F7-4668-BE54-9A1E7A4F7556}") = "MoInvoices.Web", "MoInvoices.Web.csproj", "{27CF1509-7520-4C24-B129-3F0254349928}"
EndProject
Project("{FAE04EC0-301F-11D3-BF4B-00C04F79EFBC}") = "MoInvoices.Core", "..\MoInvoices.Core\MoInvoices.Core.csproj", "{281D78BB-1BDB-446F-8090-381E97455DDD}"
EndProject
Project("{FAE04EC0-301F-11D3-BF4B-00C04F79EFBC}") = "MoInvoices.Data", "..\MoInvoices.Data\MoInvoices.Data.csproj", "{32B39651-CFB0-4E03-AC16-C85240DC8690}"
EndProject
Global
	GlobalSection(SolutionConfigurationPlatforms) = preSolution
		Debug|Any CPU = Debug|Any CPU
		Release|Any CPU = Release|Any CPU
	EndGlobalSection
	GlobalSection(ProjectConfigurationPlatforms) = postSolution
		{27CF1509-7520-4C24-B129-3F0254349928}.Debug|Any CPU.ActiveCfg = Debug|Any CPU
		{27CF1509-7520-4C24-B129-3F0254349928}.Debug|Any CPU.Build.0 = Debug|Any CPU
		{27CF1509-7520-4C24-B129-3F0254349928}.Release|Any CPU.ActiveCfg = Release|Any CPU
		{27CF1509-7520-4C24-B129-3F0254349928}.Release|Any CPU.Build.0 = Release|Any CPU
		{281D78BB-1BDB-446F-8090-381E97455DDD}.Debug|Any CPU.ActiveCfg = Debug|Any CPU
		{281D78BB-1BDB-446F-8090-381E97455DDD}.Debug|Any CPU.Build.0 = Debug|Any CPU
		{281D78BB-1BDB-446F-8090-381E97455DDD}.Release|Any CPU.ActiveCfg = Release|Any CPU
		{281D78BB-1BDB-446F-8090-381E97455DDD}.Release|Any CPU.Build.0 = Release|Any CPU
		{32B39651-CFB0-4E03-AC16-C85240DC8690}.Debug|Any CPU.ActiveCfg = Debug|Any CPU
		{32B39651-CFB0-4E03-AC16-C85240DC8690}.Debug|Any CPU.Build.0 = Debug|Any CPU
		{32B39651-CFB0-4E03-AC16-C85240DC8690}.Release|Any CPU.ActiveCfg = Release|Any CPU
		{32B39651-CFB0-4E03-AC16-C85240DC8690}.Release|Any CPU.Build.0 = Release|Any CPU
	EndGlobalSection
	GlobalSection(SolutionProperties) = preSolution
		HideSolutionNode = FALSE
	EndGlobalSection
	GlobalSection(ExtensibilityGlobals) = postSolution
		SolutionGuid = {CFA03E43-6974-43FA-B131-01498AF55B59}
	EndGlobalSection
EndGlobal
