
Microsoft Visual Studio Solution File, Format Version 12.00
# Visual Studio Version 16
VisualStudioVersion = 16.0.30114.105
MinimumVisualStudioVersion = 10.0.40219.1
Project("{9A19103F-16F7-4668-BE54-9A1E7A4F7556}") = "MoInvoices", "MoInvoices.csproj", "{27CF1509-7520-4C24-B129-3F0254349928}"
EndProject
Global
	GlobalSection(SolutionConfigurationPlatforms) = preSolution
		Debug|Any CPU = Debug|Any CPU
		Release|Any CPU = Release|Any CPU
	EndGlobalSection
	GlobalSection(ProjectConfigurationPlatforms) = postSolution
		{27CF1509-7520-4C24-B129-3F0254349928}.Debug|Any CPU.ActiveCfg = Debug|Any CPU
		{27CF1509-7520-4C24-B129-3F0254349928}.Debug|Any CPU.Build.0 = Debug|Any CPU
		{27CF1509-7520-4C24-B129-3F0254349928}.Release|Any CPU.ActiveCfg = Release|Any CPU
		{27CF1509-7520-4C24-B129-3F0254349928}.Release|Any CPU.Build.0 = Release|Any CPU
	EndGlobalSection
	GlobalSection(SolutionProperties) = preSolution
		HideSolutionNode = FALSE
	EndGlobalSection
	GlobalSection(ExtensibilityGlobals) = postSolution
		SolutionGuid = {CFA03E43-6974-43FA-B131-01498AF55B59}
	EndGlobalSection
EndGlobal
